// !$*UTF8*$!
{
	archiveVersion = 1;
	classes = {
	};
	objectVersion = 51;
	objects = {

/* Begin PBXBuildFile section */
		60202DF527C40EB000AD5140 /* Characters.swift in Sources */ = {isa = PBXBuildFile; fileRef = 60202DF427C40EB000AD5140 /* Characters.swift */; };
		60202DF827C6AB5700AD5140 /* CharacterListInteractorTests.swift in Sources */ = {isa = PBXBuildFile; fileRef = 60202DF727C6AB5700AD5140 /* CharacterListInteractorTests.swift */; };
		6020445E27C6BBE3003E98CB /* MockAPI.swift in Sources */ = {isa = PBXBuildFile; fileRef = 6020445D27C6BBE3003E98CB /* MockAPI.swift */; };
		6020446127C6BD81003E98CB /* CharacterRepository.swift in Sources */ = {isa = PBXBuildFile; fileRef = 6020446027C6BD81003E98CB /* CharacterRepository.swift */; };
		6020446327C6D253003E98CB /* CharactersRouter.swift in Sources */ = {isa = PBXBuildFile; fileRef = 6020446227C6D253003E98CB /* CharactersRouter.swift */; };
		6020446527C80E43003E98CB /* CharacterListPresenterTests.swift in Sources */ = {isa = PBXBuildFile; fileRef = 6020446427C80E43003E98CB /* CharacterListPresenterTests.swift */; };
		6020446B27C8441C003E98CB /* characterList.json in Resources */ = {isa = PBXBuildFile; fileRef = 6020446A27C8441C003E98CB /* characterList.json */; };
		605B07D927C2E39700CD14B1 /* APIProtocols.swift in Sources */ = {isa = PBXBuildFile; fileRef = 605B07D827C2E39700CD14B1 /* APIProtocols.swift */; };
		6077F3D727D7D64C00598CC8 /* characterList.json in Resources */ = {isa = PBXBuildFile; fileRef = 6020446A27C8441C003E98CB /* characterList.json */; };
		6077F3D927D7EF4A00598CC8 /* CharacteresMock.swift in Sources */ = {isa = PBXBuildFile; fileRef = 6077F3D827D7EF4A00598CC8 /* CharacteresMock.swift */; };
		6077F3DC27D7F99700598CC8 /* CharacterRepositoryMock.swift in Sources */ = {isa = PBXBuildFile; fileRef = 6077F3DB27D7F99700598CC8 /* CharacterRepositoryMock.swift */; };
		60E4A1B327ADAF2F00257AA0 /* CharaterDetailRouter.swift in Sources */ = {isa = PBXBuildFile; fileRef = 60E4A1B227ADAF2F00257AA0 /* CharaterDetailRouter.swift */; };
		60E4A1B727C1797A00257AA0 /* CharacterListViewController.xib in Resources */ = {isa = PBXBuildFile; fileRef = 60E4A1B527C1797A00257AA0 /* CharacterListViewController.xib */; };
		60E4A1BB27C17A8C00257AA0 /* CharacterDetailViewController.xib in Resources */ = {isa = PBXBuildFile; fileRef = 60E4A1B927C17A8C00257AA0 /* CharacterDetailViewController.xib */; };
		7333DCF424487A5B005B0566 /* AppDelegate.swift in Sources */ = {isa = PBXBuildFile; fileRef = 7333DCF324487A5B005B0566 /* AppDelegate.swift */; };
		7333DCFD24487A5E005B0566 /* Assets.xcassets in Resources */ = {isa = PBXBuildFile; fileRef = 7333DCFC24487A5E005B0566 /* Assets.xcassets */; };
		734C29D9244B7E0B000E47E5 /* APIMarvel.swift in Sources */ = {isa = PBXBuildFile; fileRef = 734C29D8244B7E0B000E47E5 /* APIMarvel.swift */; };
		734C29DB244B7EB7000E47E5 /* MarvelRouter.swift in Sources */ = {isa = PBXBuildFile; fileRef = 734C29DA244B7EB7000E47E5 /* MarvelRouter.swift */; };
		734C29DE244B8000000E47E5 /* Environment.swift in Sources */ = {isa = PBXBuildFile; fileRef = 734C29DD244B8000000E47E5 /* Environment.swift */; };
		734C29E1244B82CD000E47E5 /* String+Extension.swift in Sources */ = {isa = PBXBuildFile; fileRef = 734C29E0244B82CD000E47E5 /* String+Extension.swift */; };
		734C29E5244CA4E6000E47E5 /* CharacterListViewController.swift in Sources */ = {isa = PBXBuildFile; fileRef = 734C29E4244CA4E6000E47E5 /* CharacterListViewController.swift */; };
		734C29E7244CA56C000E47E5 /* CharacterListInteractor.swift in Sources */ = {isa = PBXBuildFile; fileRef = 734C29E6244CA56C000E47E5 /* CharacterListInteractor.swift */; };
		734C29E9244CA585000E47E5 /* CharacterListsPresenter.swift in Sources */ = {isa = PBXBuildFile; fileRef = 734C29E8244CA585000E47E5 /* CharacterListsPresenter.swift */; };
		734C29F2244CB7E9000E47E5 /* CharactersListDTO.swift in Sources */ = {isa = PBXBuildFile; fileRef = 734C29F1244CB7E9000E47E5 /* CharactersListDTO.swift */; };
		734C29F7244DBDC0000E47E5 /* GenericError.swift in Sources */ = {isa = PBXBuildFile; fileRef = 734C29F6244DBDC0000E47E5 /* GenericError.swift */; };
		734C2A0924508297000E47E5 /* CharacterTVC.swift in Sources */ = {isa = PBXBuildFile; fileRef = 734C2A0724508297000E47E5 /* CharacterTVC.swift */; };
		734C2A0A24508297000E47E5 /* CharacterTVC.xib in Resources */ = {isa = PBXBuildFile; fileRef = 734C2A0824508297000E47E5 /* CharacterTVC.xib */; };
		738420EE2455D05900312CB9 /* BaseViewController.swift in Sources */ = {isa = PBXBuildFile; fileRef = 738420ED2455D05900312CB9 /* BaseViewController.swift */; };
		738420F32455DAEE00312CB9 /* CharacterDetailViewController.swift in Sources */ = {isa = PBXBuildFile; fileRef = 738420F22455DAEE00312CB9 /* CharacterDetailViewController.swift */; };
		738420F52455DB1500312CB9 /* CharacterDetailInteractor.swift in Sources */ = {isa = PBXBuildFile; fileRef = 738420F42455DB1500312CB9 /* CharacterDetailInteractor.swift */; };
		738420F72455DB2600312CB9 /* CharacterDetailPresenter.swift in Sources */ = {isa = PBXBuildFile; fileRef = 738420F62455DB2600312CB9 /* CharacterDetailPresenter.swift */; };
		738420FB2455E55B00312CB9 /* UIImageView+Extension.swift in Sources */ = {isa = PBXBuildFile; fileRef = 738420FA2455E55B00312CB9 /* UIImageView+Extension.swift */; };
		738420FD2455FA4D00312CB9 /* CharacterListRouter.swift in Sources */ = {isa = PBXBuildFile; fileRef = 738420FC2455FA4D00312CB9 /* CharacterListRouter.swift */; };
		739CCC3A245C769F00072E12 /* UIImage+Extension.swift in Sources */ = {isa = PBXBuildFile; fileRef = 739CCC39245C769F00072E12 /* UIImage+Extension.swift */; };
		739CCC3C245C7C5C00072E12 /* UIColor+Extension.swift in Sources */ = {isa = PBXBuildFile; fileRef = 739CCC3B245C7C5C00072E12 /* UIColor+Extension.swift */; };
		739CCC54245DCA9100072E12 /* LaunchScreen.storyboard in Resources */ = {isa = PBXBuildFile; fileRef = 739CCC52245DCA9100072E12 /* LaunchScreen.storyboard */; };
		739CCC58245DCB7000072E12 /* Localizable.strings in Resources */ = {isa = PBXBuildFile; fileRef = 739CCC5A245DCB7000072E12 /* Localizable.strings */; };
		B4DB4BA7A7A9F30C98A323D0 /* Pods_Marvel_Character.framework in Frameworks */ = {isa = PBXBuildFile; fileRef = 7923592D78ACEE4E5CBECB14 /* Pods_Marvel_Character.framework */; };
		B81CDFD40A581F243E2AB563 /* Pods_Marvel_CharacterTests.framework in Frameworks */ = {isa = PBXBuildFile; fileRef = 8E46B4A4331D320EC6C0A915 /* Pods_Marvel_CharacterTests.framework */; };
/* End PBXBuildFile section */

/* Begin PBXContainerItemProxy section */
		7333DD0724487A5F005B0566 /* PBXContainerItemProxy */ = {
			isa = PBXContainerItemProxy;
			containerPortal = 7333DCE824487A5B005B0566 /* Project object */;
			proxyType = 1;
			remoteGlobalIDString = 7333DCEF24487A5B005B0566;
			remoteInfo = "Marvel Character";
		};
/* End PBXContainerItemProxy section */

/* Begin PBXFileReference section */
		283FFBC3C973DEF32B75C60C /* Pods-Marvel CharacterTests.release.xcconfig */ = {isa = PBXFileReference; includeInIndex = 1; lastKnownFileType = text.xcconfig; name = "Pods-Marvel CharacterTests.release.xcconfig"; path = "Target Support Files/Pods-Marvel CharacterTests/Pods-Marvel CharacterTests.release.xcconfig"; sourceTree = "<group>"; };
		60202DF427C40EB000AD5140 /* Characters.swift */ = {isa = PBXFileReference; lastKnownFileType = sourcecode.swift; path = Characters.swift; sourceTree = "<group>"; };
		60202DF727C6AB5700AD5140 /* CharacterListInteractorTests.swift */ = {isa = PBXFileReference; lastKnownFileType = sourcecode.swift; path = CharacterListInteractorTests.swift; sourceTree = "<group>"; };
		6020445D27C6BBE3003E98CB /* MockAPI.swift */ = {isa = PBXFileReference; lastKnownFileType = sourcecode.swift; path = MockAPI.swift; sourceTree = "<group>"; };
		6020446027C6BD81003E98CB /* CharacterRepository.swift */ = {isa = PBXFileReference; lastKnownFileType = sourcecode.swift; path = CharacterRepository.swift; sourceTree = "<group>"; };
		6020446227C6D253003E98CB /* CharactersRouter.swift */ = {isa = PBXFileReference; lastKnownFileType = sourcecode.swift; path = CharactersRouter.swift; sourceTree = "<group>"; };
		6020446427C80E43003E98CB /* CharacterListPresenterTests.swift */ = {isa = PBXFileReference; lastKnownFileType = sourcecode.swift; path = CharacterListPresenterTests.swift; sourceTree = "<group>"; };
		6020446A27C8441C003E98CB /* characterList.json */ = {isa = PBXFileReference; fileEncoding = 4; lastKnownFileType = text.json; path = characterList.json; sourceTree = "<group>"; };
		605B07D827C2E39700CD14B1 /* APIProtocols.swift */ = {isa = PBXFileReference; lastKnownFileType = sourcecode.swift; path = APIProtocols.swift; sourceTree = "<group>"; };
		6077F3D827D7EF4A00598CC8 /* CharacteresMock.swift */ = {isa = PBXFileReference; lastKnownFileType = sourcecode.swift; path = CharacteresMock.swift; sourceTree = "<group>"; };
		6077F3DB27D7F99700598CC8 /* CharacterRepositoryMock.swift */ = {isa = PBXFileReference; lastKnownFileType = sourcecode.swift; path = CharacterRepositoryMock.swift; sourceTree = "<group>"; };
		60E4A1B227ADAF2F00257AA0 /* CharaterDetailRouter.swift */ = {isa = PBXFileReference; lastKnownFileType = sourcecode.swift; path = CharaterDetailRouter.swift; sourceTree = "<group>"; };
		60E4A1B527C1797A00257AA0 /* CharacterListViewController.xib */ = {isa = PBXFileReference; lastKnownFileType = file.xib; path = CharacterListViewController.xib; sourceTree = "<group>"; };
		60E4A1B927C17A8C00257AA0 /* CharacterDetailViewController.xib */ = {isa = PBXFileReference; lastKnownFileType = file.xib; path = CharacterDetailViewController.xib; sourceTree = "<group>"; };
		7333DCF024487A5B005B0566 /* Marvel Character.app */ = {isa = PBXFileReference; explicitFileType = wrapper.application; includeInIndex = 0; path = "Marvel Character.app"; sourceTree = BUILT_PRODUCTS_DIR; };
		7333DCF324487A5B005B0566 /* AppDelegate.swift */ = {isa = PBXFileReference; lastKnownFileType = sourcecode.swift; path = AppDelegate.swift; sourceTree = "<group>"; };
		7333DCFC24487A5E005B0566 /* Assets.xcassets */ = {isa = PBXFileReference; lastKnownFileType = folder.assetcatalog; path = Assets.xcassets; sourceTree = "<group>"; };
		7333DD0124487A5E005B0566 /* Info.plist */ = {isa = PBXFileReference; lastKnownFileType = text.plist.xml; path = Info.plist; sourceTree = "<group>"; };
		7333DD0624487A5F005B0566 /* Marvel CharacterTests.xctest */ = {isa = PBXFileReference; explicitFileType = wrapper.cfbundle; includeInIndex = 0; path = "Marvel CharacterTests.xctest"; sourceTree = BUILT_PRODUCTS_DIR; };
		7333DD0C24487A5F005B0566 /* Info.plist */ = {isa = PBXFileReference; lastKnownFileType = text.plist.xml; path = Info.plist; sourceTree = "<group>"; };
		734C29D8244B7E0B000E47E5 /* APIMarvel.swift */ = {isa = PBXFileReference; lastKnownFileType = sourcecode.swift; path = APIMarvel.swift; sourceTree = "<group>"; };
		734C29DA244B7EB7000E47E5 /* MarvelRouter.swift */ = {isa = PBXFileReference; lastKnownFileType = sourcecode.swift; path = MarvelRouter.swift; sourceTree = "<group>"; };
		734C29DD244B8000000E47E5 /* Environment.swift */ = {isa = PBXFileReference; lastKnownFileType = sourcecode.swift; path = Environment.swift; sourceTree = "<group>"; };
		734C29E0244B82CD000E47E5 /* String+Extension.swift */ = {isa = PBXFileReference; lastKnownFileType = sourcecode.swift; path = "String+Extension.swift"; sourceTree = "<group>"; };
		734C29E4244CA4E6000E47E5 /* CharacterListViewController.swift */ = {isa = PBXFileReference; lastKnownFileType = sourcecode.swift; path = CharacterListViewController.swift; sourceTree = "<group>"; };
		734C29E6244CA56C000E47E5 /* CharacterListInteractor.swift */ = {isa = PBXFileReference; lastKnownFileType = sourcecode.swift; path = CharacterListInteractor.swift; sourceTree = "<group>"; };
		734C29E8244CA585000E47E5 /* CharacterListsPresenter.swift */ = {isa = PBXFileReference; lastKnownFileType = sourcecode.swift; path = CharacterListsPresenter.swift; sourceTree = "<group>"; };
		734C29F1244CB7E9000E47E5 /* CharactersListDTO.swift */ = {isa = PBXFileReference; lastKnownFileType = sourcecode.swift; path = CharactersListDTO.swift; sourceTree = "<group>"; };
		734C29F6244DBDC0000E47E5 /* GenericError.swift */ = {isa = PBXFileReference; lastKnownFileType = sourcecode.swift; path = GenericError.swift; sourceTree = "<group>"; };
		734C2A0724508297000E47E5 /* CharacterTVC.swift */ = {isa = PBXFileReference; lastKnownFileType = sourcecode.swift; path = CharacterTVC.swift; sourceTree = "<group>"; };
		734C2A0824508297000E47E5 /* CharacterTVC.xib */ = {isa = PBXFileReference; lastKnownFileType = file.xib; path = CharacterTVC.xib; sourceTree = "<group>"; };
		738420ED2455D05900312CB9 /* BaseViewController.swift */ = {isa = PBXFileReference; lastKnownFileType = sourcecode.swift; path = BaseViewController.swift; sourceTree = "<group>"; };
		738420F22455DAEE00312CB9 /* CharacterDetailViewController.swift */ = {isa = PBXFileReference; lastKnownFileType = sourcecode.swift; path = CharacterDetailViewController.swift; sourceTree = "<group>"; };
		738420F42455DB1500312CB9 /* CharacterDetailInteractor.swift */ = {isa = PBXFileReference; lastKnownFileType = sourcecode.swift; path = CharacterDetailInteractor.swift; sourceTree = "<group>"; };
		738420F62455DB2600312CB9 /* CharacterDetailPresenter.swift */ = {isa = PBXFileReference; lastKnownFileType = sourcecode.swift; path = CharacterDetailPresenter.swift; sourceTree = "<group>"; };
		738420FA2455E55B00312CB9 /* UIImageView+Extension.swift */ = {isa = PBXFileReference; lastKnownFileType = sourcecode.swift; path = "UIImageView+Extension.swift"; sourceTree = "<group>"; };
		738420FC2455FA4D00312CB9 /* CharacterListRouter.swift */ = {isa = PBXFileReference; lastKnownFileType = sourcecode.swift; path = CharacterListRouter.swift; sourceTree = "<group>"; };
		739CCC39245C769F00072E12 /* UIImage+Extension.swift */ = {isa = PBXFileReference; lastKnownFileType = sourcecode.swift; path = "UIImage+Extension.swift"; sourceTree = "<group>"; };
		739CCC3B245C7C5C00072E12 /* UIColor+Extension.swift */ = {isa = PBXFileReference; lastKnownFileType = sourcecode.swift; path = "UIColor+Extension.swift"; sourceTree = "<group>"; };
		739CCC52245DCA9100072E12 /* LaunchScreen.storyboard */ = {isa = PBXFileReference; fileEncoding = 4; lastKnownFileType = file.storyboard; path = LaunchScreen.storyboard; sourceTree = "<group>"; };
		739CCC59245DCB7000072E12 /* en */ = {isa = PBXFileReference; lastKnownFileType = text.plist.strings; name = en; path = en.lproj/Localizable.strings; sourceTree = "<group>"; };
		739CCC5B245DCB7F00072E12 /* es */ = {isa = PBXFileReference; lastKnownFileType = text.plist.strings; name = es; path = es.lproj/Localizable.strings; sourceTree = "<group>"; };
		7923592D78ACEE4E5CBECB14 /* Pods_Marvel_Character.framework */ = {isa = PBXFileReference; explicitFileType = wrapper.framework; includeInIndex = 0; path = Pods_Marvel_Character.framework; sourceTree = BUILT_PRODUCTS_DIR; };
		8E46B4A4331D320EC6C0A915 /* Pods_Marvel_CharacterTests.framework */ = {isa = PBXFileReference; explicitFileType = wrapper.framework; includeInIndex = 0; path = Pods_Marvel_CharacterTests.framework; sourceTree = BUILT_PRODUCTS_DIR; };
		951880FB9557D6E1F26BE940 /* Pods-Marvel Character.release.xcconfig */ = {isa = PBXFileReference; includeInIndex = 1; lastKnownFileType = text.xcconfig; name = "Pods-Marvel Character.release.xcconfig"; path = "Target Support Files/Pods-Marvel Character/Pods-Marvel Character.release.xcconfig"; sourceTree = "<group>"; };
		9DA1BEE2DD4C7AC30F60530C /* Pods-Marvel Character.debug.xcconfig */ = {isa = PBXFileReference; includeInIndex = 1; lastKnownFileType = text.xcconfig; name = "Pods-Marvel Character.debug.xcconfig"; path = "Target Support Files/Pods-Marvel Character/Pods-Marvel Character.debug.xcconfig"; sourceTree = "<group>"; };
		BB274CF6F51B0E48CB07E245 /* Pods-Marvel CharacterTests.debug.xcconfig */ = {isa = PBXFileReference; includeInIndex = 1; lastKnownFileType = text.xcconfig; name = "Pods-Marvel CharacterTests.debug.xcconfig"; path = "Target Support Files/Pods-Marvel CharacterTests/Pods-Marvel CharacterTests.debug.xcconfig"; sourceTree = "<group>"; };
/* End PBXFileReference section */

/* Begin PBXFrameworksBuildPhase section */
		7333DCED24487A5B005B0566 /* Frameworks */ = {
			isa = PBXFrameworksBuildPhase;
			buildActionMask = 2147483647;
			files = (
				B4DB4BA7A7A9F30C98A323D0 /* Pods_Marvel_Character.framework in Frameworks */,
			);
			runOnlyForDeploymentPostprocessing = 0;
		};
		7333DD0324487A5F005B0566 /* Frameworks */ = {
			isa = PBXFrameworksBuildPhase;
			buildActionMask = 2147483647;
			files = (
				B81CDFD40A581F243E2AB563 /* Pods_Marvel_CharacterTests.framework in Frameworks */,
			);
			runOnlyForDeploymentPostprocessing = 0;
		};
/* End PBXFrameworksBuildPhase section */

/* Begin PBXGroup section */
		60202DF627C6AB2600AD5140 /* Modules */ = {
			isa = PBXGroup;
			children = (
				60202DF927C6AB5C00AD5140 /* CharacterList */,
			);
			path = Modules;
			sourceTree = "<group>";
		};
		60202DF927C6AB5C00AD5140 /* CharacterList */ = {
			isa = PBXGroup;
			children = (
				60202DF727C6AB5700AD5140 /* CharacterListInteractorTests.swift */,
				6020446427C80E43003E98CB /* CharacterListPresenterTests.swift */,
			);
			path = CharacterList;
			sourceTree = "<group>";
		};
		6020445F27C6BD69003E98CB /* Mobules */ = {
			isa = PBXGroup;
			children = (
				6020446027C6BD81003E98CB /* CharacterRepository.swift */,
				6020446227C6D253003E98CB /* CharactersRouter.swift */,
			);
			path = Mobules;
			sourceTree = "<group>";
		};
		6020446727C843E3003E98CB /* Resources */ = {
			isa = PBXGroup;
			children = (
				6020446A27C8441C003E98CB /* characterList.json */,
			);
			path = Resources;
			sourceTree = "<group>";
		};
		6077F3DA27D7F98400598CC8 /* Repositories */ = {
			isa = PBXGroup;
			children = (
				6077F3D827D7EF4A00598CC8 /* CharacteresMock.swift */,
				6077F3DB27D7F99700598CC8 /* CharacterRepositoryMock.swift */,
			);
			path = Repositories;
			sourceTree = "<group>";
		};
		6077F3DD27D7F9E400598CC8 /* Resources */ = {
			isa = PBXGroup;
			children = (
				7333DCFC24487A5E005B0566 /* Assets.xcassets */,
				739CCC5A245DCB7000072E12 /* Localizable.strings */,
			);
			path = Resources;
			sourceTree = "<group>";
		};
		7333DCE724487A5B005B0566 = {
			isa = PBXGroup;
			children = (
				7333DCF224487A5B005B0566 /* Marvel Character */,
				7333DD0924487A5F005B0566 /* Marvel CharacterTests */,
				7333DCF124487A5B005B0566 /* Products */,
				A56AC5363FBD02FC2BFB354D /* Pods */,
				C959112FC6E8B77A74B4DB27 /* Frameworks */,
			);
			sourceTree = "<group>";
		};
		7333DCF124487A5B005B0566 /* Products */ = {
			isa = PBXGroup;
			children = (
				7333DCF024487A5B005B0566 /* Marvel Character.app */,
				7333DD0624487A5F005B0566 /* Marvel CharacterTests.xctest */,
			);
			name = Products;
			sourceTree = "<group>";
		};
		7333DCF224487A5B005B0566 /* Marvel Character */ = {
			isa = PBXGroup;
			children = (
				6077F3DD27D7F9E400598CC8 /* Resources */,
				7333DCF324487A5B005B0566 /* AppDelegate.swift */,
				739CCC52245DCA9100072E12 /* LaunchScreen.storyboard */,
				7333DD0124487A5E005B0566 /* Info.plist */,
				734C29DC244B7FE2000E47E5 /* Config */,
				738420EC2455D03000312CB9 /* Common */,
				734C29DF244B82AA000E47E5 /* Extensions */,
				734C29D7244B7C5A000E47E5 /* Services */,
				734C29F0244CB50D000E47E5 /* Models */,
				734C29E2244CA3DB000E47E5 /* Scenes */,
			);
			path = "Marvel Character";
			sourceTree = "<group>";
		};
		7333DD0924487A5F005B0566 /* Marvel CharacterTests */ = {
			isa = PBXGroup;
			children = (
				6077F3DA27D7F98400598CC8 /* Repositories */,
				6020446727C843E3003E98CB /* Resources */,
				60202DF627C6AB2600AD5140 /* Modules */,
				7333DD0C24487A5F005B0566 /* Info.plist */,
				6020445D27C6BBE3003E98CB /* MockAPI.swift */,
			);
			path = "Marvel CharacterTests";
			sourceTree = "<group>";
		};
		734C29D7244B7C5A000E47E5 /* Services */ = {
			isa = PBXGroup;
			children = (
				6020445F27C6BD69003E98CB /* Mobules */,
				734C29D8244B7E0B000E47E5 /* APIMarvel.swift */,
				734C29DA244B7EB7000E47E5 /* MarvelRouter.swift */,
				605B07D827C2E39700CD14B1 /* APIProtocols.swift */,
			);
			path = Services;
			sourceTree = "<group>";
		};
		734C29DC244B7FE2000E47E5 /* Config */ = {
			isa = PBXGroup;
			children = (
				734C29DD244B8000000E47E5 /* Environment.swift */,
			);
			path = Config;
			sourceTree = "<group>";
		};
		734C29DF244B82AA000E47E5 /* Extensions */ = {
			isa = PBXGroup;
			children = (
				734C29E0244B82CD000E47E5 /* String+Extension.swift */,
				738420FA2455E55B00312CB9 /* UIImageView+Extension.swift */,
				739CCC39245C769F00072E12 /* UIImage+Extension.swift */,
				739CCC3B245C7C5C00072E12 /* UIColor+Extension.swift */,
			);
			path = Extensions;
			sourceTree = "<group>";
		};
		734C29E2244CA3DB000E47E5 /* Scenes */ = {
			isa = PBXGroup;
			children = (
				734C29E3244CA45B000E47E5 /* CharaterList */,
				738420F12455DAC200312CB9 /* CharacterDetail */,
			);
			path = Scenes;
			sourceTree = "<group>";
		};
		734C29E3244CA45B000E47E5 /* CharaterList */ = {
			isa = PBXGroup;
			children = (
				734C2A0624508267000E47E5 /* Cell */,
				60E4A1B527C1797A00257AA0 /* CharacterListViewController.xib */,
				734C29E4244CA4E6000E47E5 /* CharacterListViewController.swift */,
				734C29E6244CA56C000E47E5 /* CharacterListInteractor.swift */,
				734C29E8244CA585000E47E5 /* CharacterListsPresenter.swift */,
				738420FC2455FA4D00312CB9 /* CharacterListRouter.swift */,
			);
			path = CharaterList;
			sourceTree = "<group>";
		};
		734C29F0244CB50D000E47E5 /* Models */ = {
			isa = PBXGroup;
			children = (
				734C29F1244CB7E9000E47E5 /* CharactersListDTO.swift */,
				734C29F6244DBDC0000E47E5 /* GenericError.swift */,
				60202DF427C40EB000AD5140 /* Characters.swift */,
			);
			path = Models;
			sourceTree = "<group>";
		};
		734C2A0624508267000E47E5 /* Cell */ = {
			isa = PBXGroup;
			children = (
				734C2A0724508297000E47E5 /* CharacterTVC.swift */,
				734C2A0824508297000E47E5 /* CharacterTVC.xib */,
			);
			path = Cell;
			sourceTree = "<group>";
		};
		738420EC2455D03000312CB9 /* Common */ = {
			isa = PBXGroup;
			children = (
				738420ED2455D05900312CB9 /* BaseViewController.swift */,
			);
			path = Common;
			sourceTree = "<group>";
		};
		738420F12455DAC200312CB9 /* CharacterDetail */ = {
			isa = PBXGroup;
			children = (
				60E4A1B927C17A8C00257AA0 /* CharacterDetailViewController.xib */,
				738420F22455DAEE00312CB9 /* CharacterDetailViewController.swift */,
				738420F42455DB1500312CB9 /* CharacterDetailInteractor.swift */,
				738420F62455DB2600312CB9 /* CharacterDetailPresenter.swift */,
				60E4A1B227ADAF2F00257AA0 /* CharaterDetailRouter.swift */,
			);
			path = CharacterDetail;
			sourceTree = "<group>";
		};
		A56AC5363FBD02FC2BFB354D /* Pods */ = {
			isa = PBXGroup;
			children = (
				9DA1BEE2DD4C7AC30F60530C /* Pods-Marvel Character.debug.xcconfig */,
				951880FB9557D6E1F26BE940 /* Pods-Marvel Character.release.xcconfig */,
				BB274CF6F51B0E48CB07E245 /* Pods-Marvel CharacterTests.debug.xcconfig */,
				283FFBC3C973DEF32B75C60C /* Pods-Marvel CharacterTests.release.xcconfig */,
			);
			path = Pods;
			sourceTree = "<group>";
		};
		C959112FC6E8B77A74B4DB27 /* Frameworks */ = {
			isa = PBXGroup;
			children = (
				7923592D78ACEE4E5CBECB14 /* Pods_Marvel_Character.framework */,
				8E46B4A4331D320EC6C0A915 /* Pods_Marvel_CharacterTests.framework */,
			);
			name = Frameworks;
			sourceTree = "<group>";
		};
/* End PBXGroup section */

/* Begin PBXNativeTarget section */
		7333DCEF24487A5B005B0566 /* Marvel Character */ = {
			isa = PBXNativeTarget;
			buildConfigurationList = 7333DD0F24487A5F005B0566 /* Build configuration list for PBXNativeTarget "Marvel Character" */;
			buildPhases = (
				D35F34C6A85D499D38F125F5 /* [CP] Check Pods Manifest.lock */,
				7333DCEC24487A5B005B0566 /* Sources */,
				7333DCED24487A5B005B0566 /* Frameworks */,
				7333DCEE24487A5B005B0566 /* Resources */,
				2EFFC7A0E96D099A9E05777D /* [CP] Embed Pods Frameworks */,
			);
			buildRules = (
			);
			dependencies = (
			);
			name = "Marvel Character";
			productName = "Marvel Character";
			productReference = 7333DCF024487A5B005B0566 /* Marvel Character.app */;
			productType = "com.apple.product-type.application";
		};
		7333DD0524487A5F005B0566 /* Marvel CharacterTests */ = {
			isa = PBXNativeTarget;
			buildConfigurationList = 7333DD1224487A5F005B0566 /* Build configuration list for PBXNativeTarget "Marvel CharacterTests" */;
			buildPhases = (
				EF5EBE859A94EEC0A6CD60A7 /* [CP] Check Pods Manifest.lock */,
				7333DD0224487A5F005B0566 /* Sources */,
				7333DD0324487A5F005B0566 /* Frameworks */,
				7333DD0424487A5F005B0566 /* Resources */,
			);
			buildRules = (
			);
			dependencies = (
				7333DD0824487A5F005B0566 /* PBXTargetDependency */,
			);
			name = "Marvel CharacterTests";
			productName = "Marvel CharacterTests";
			productReference = 7333DD0624487A5F005B0566 /* Marvel CharacterTests.xctest */;
			productType = "com.apple.product-type.bundle.unit-test";
		};
/* End PBXNativeTarget section */

/* Begin PBXProject section */
		7333DCE824487A5B005B0566 /* Project object */ = {
			isa = PBXProject;
			attributes = {
				LastSwiftUpdateCheck = 1140;
				LastUpgradeCheck = 1320;
				ORGANIZATIONNAME = "Gonzalo Vizeu";
				TargetAttributes = {
					7333DCEF24487A5B005B0566 = {
						CreatedOnToolsVersion = 11.4;
					};
					7333DD0524487A5F005B0566 = {
						CreatedOnToolsVersion = 11.4;
						TestTargetID = 7333DCEF24487A5B005B0566;
					};
				};
			};
			buildConfigurationList = 7333DCEB24487A5B005B0566 /* Build configuration list for PBXProject "Marvel Character" */;
			compatibilityVersion = "Xcode 9.3";
			developmentRegion = en;
			hasScannedForEncodings = 0;
			knownRegions = (
				en,
				es,
				Base,
			);
			mainGroup = 7333DCE724487A5B005B0566;
			productRefGroup = 7333DCF124487A5B005B0566 /* Products */;
			projectDirPath = "";
			projectRoot = "";
			targets = (
				7333DCEF24487A5B005B0566 /* Marvel Character */,
				7333DD0524487A5F005B0566 /* Marvel CharacterTests */,
			);
		};
/* End PBXProject section */

/* Begin PBXResourcesBuildPhase section */
		7333DCEE24487A5B005B0566 /* Resources */ = {
			isa = PBXResourcesBuildPhase;
			buildActionMask = 2147483647;
			files = (
				739CCC58245DCB7000072E12 /* Localizable.strings in Resources */,
				6077F3D727D7D64C00598CC8 /* characterList.json in Resources */,
				7333DCFD24487A5E005B0566 /* Assets.xcassets in Resources */,
				60E4A1B727C1797A00257AA0 /* CharacterListViewController.xib in Resources */,
				739CCC54245DCA9100072E12 /* LaunchScreen.storyboard in Resources */,
				60E4A1BB27C17A8C00257AA0 /* CharacterDetailViewController.xib in Resources */,
				734C2A0A24508297000E47E5 /* CharacterTVC.xib in Resources */,
			);
			runOnlyForDeploymentPostprocessing = 0;
		};
		7333DD0424487A5F005B0566 /* Resources */ = {
			isa = PBXResourcesBuildPhase;
			buildActionMask = 2147483647;
			files = (
				6020446B27C8441C003E98CB /* characterList.json in Resources */,
			);
			runOnlyForDeploymentPostprocessing = 0;
		};
/* End PBXResourcesBuildPhase section */

/* Begin PBXShellScriptBuildPhase section */
		2EFFC7A0E96D099A9E05777D /* [CP] Embed Pods Frameworks */ = {
			isa = PBXShellScriptBuildPhase;
			buildActionMask = 2147483647;
			files = (
			);
			inputFileListPaths = (
				"${PODS_ROOT}/Target Support Files/Pods-Marvel Character/Pods-Marvel Character-frameworks-${CONFIGURATION}-input-files.xcfilelist",
			);
			name = "[CP] Embed Pods Frameworks";
			outputFileListPaths = (
				"${PODS_ROOT}/Target Support Files/Pods-Marvel Character/Pods-Marvel Character-frameworks-${CONFIGURATION}-output-files.xcfilelist",
			);
			runOnlyForDeploymentPostprocessing = 0;
			shellPath = /bin/sh;
			shellScript = "\"${PODS_ROOT}/Target Support Files/Pods-Marvel Character/Pods-Marvel Character-frameworks.sh\"\n";
			showEnvVarsInLog = 0;
		};
		D35F34C6A85D499D38F125F5 /* [CP] Check Pods Manifest.lock */ = {
			isa = PBXShellScriptBuildPhase;
			buildActionMask = 2147483647;
			files = (
			);
			inputFileListPaths = (
			);
			inputPaths = (
				"${PODS_PODFILE_DIR_PATH}/Podfile.lock",
				"${PODS_ROOT}/Manifest.lock",
			);
			name = "[CP] Check Pods Manifest.lock";
			outputFileListPaths = (
			);
			outputPaths = (
				"$(DERIVED_FILE_DIR)/Pods-Marvel Character-checkManifestLockResult.txt",
			);
			runOnlyForDeploymentPostprocessing = 0;
			shellPath = /bin/sh;
			shellScript = "diff \"${PODS_PODFILE_DIR_PATH}/Podfile.lock\" \"${PODS_ROOT}/Manifest.lock\" > /dev/null\nif [ $? != 0 ] ; then\n    # print error to STDERR\n    echo \"error: The sandbox is not in sync with the Podfile.lock. Run 'pod install' or update your CocoaPods installation.\" >&2\n    exit 1\nfi\n# This output is used by Xcode 'outputs' to avoid re-running this script phase.\necho \"SUCCESS\" > \"${SCRIPT_OUTPUT_FILE_0}\"\n";
			showEnvVarsInLog = 0;
		};
		EF5EBE859A94EEC0A6CD60A7 /* [CP] Check Pods Manifest.lock */ = {
			isa = PBXShellScriptBuildPhase;
			buildActionMask = 2147483647;
			files = (
			);
			inputFileListPaths = (
			);
			inputPaths = (
				"${PODS_PODFILE_DIR_PATH}/Podfile.lock",
				"${PODS_ROOT}/Manifest.lock",
			);
			name = "[CP] Check Pods Manifest.lock";
			outputFileListPaths = (
			);
			outputPaths = (
				"$(DERIVED_FILE_DIR)/Pods-Marvel CharacterTests-checkManifestLockResult.txt",
			);
			runOnlyForDeploymentPostprocessing = 0;
			shellPath = /bin/sh;
			shellScript = "diff \"${PODS_PODFILE_DIR_PATH}/Podfile.lock\" \"${PODS_ROOT}/Manifest.lock\" > /dev/null\nif [ $? != 0 ] ; then\n    # print error to STDERR\n    echo \"error: The sandbox is not in sync with the Podfile.lock. Run 'pod install' or update your CocoaPods installation.\" >&2\n    exit 1\nfi\n# This output is used by Xcode 'outputs' to avoid re-running this script phase.\necho \"SUCCESS\" > \"${SCRIPT_OUTPUT_FILE_0}\"\n";
			showEnvVarsInLog = 0;
		};
/* End PBXShellScriptBuildPhase section */

/* Begin PBXSourcesBuildPhase section */
		7333DCEC24487A5B005B0566 /* Sources */ = {
			isa = PBXSourcesBuildPhase;
			buildActionMask = 2147483647;
			files = (
				734C29E5244CA4E6000E47E5 /* CharacterListViewController.swift in Sources */,
				6020446127C6BD81003E98CB /* CharacterRepository.swift in Sources */,
				734C29E7244CA56C000E47E5 /* CharacterListInteractor.swift in Sources */,
				60E4A1B327ADAF2F00257AA0 /* CharaterDetailRouter.swift in Sources */,
				734C29F7244DBDC0000E47E5 /* GenericError.swift in Sources */,
				738420F32455DAEE00312CB9 /* CharacterDetailViewController.swift in Sources */,
				60202DF527C40EB000AD5140 /* Characters.swift in Sources */,
				738420EE2455D05900312CB9 /* BaseViewController.swift in Sources */,
				734C29E1244B82CD000E47E5 /* String+Extension.swift in Sources */,
				739CCC3A245C769F00072E12 /* UIImage+Extension.swift in Sources */,
				6020446327C6D253003E98CB /* CharactersRouter.swift in Sources */,
				734C29F2244CB7E9000E47E5 /* CharactersListDTO.swift in Sources */,
				738420FB2455E55B00312CB9 /* UIImageView+Extension.swift in Sources */,
				734C29E9244CA585000E47E5 /* CharacterListsPresenter.swift in Sources */,
				734C29DE244B8000000E47E5 /* Environment.swift in Sources */,
				734C2A0924508297000E47E5 /* CharacterTVC.swift in Sources */,
				605B07D927C2E39700CD14B1 /* APIProtocols.swift in Sources */,
				734C29DB244B7EB7000E47E5 /* MarvelRouter.swift in Sources */,
				7333DCF424487A5B005B0566 /* AppDelegate.swift in Sources */,
				739CCC3C245C7C5C00072E12 /* UIColor+Extension.swift in Sources */,
				738420FD2455FA4D00312CB9 /* CharacterListRouter.swift in Sources */,
				738420F52455DB1500312CB9 /* CharacterDetailInteractor.swift in Sources */,
				734C29D9244B7E0B000E47E5 /* APIMarvel.swift in Sources */,
				738420F72455DB2600312CB9 /* CharacterDetailPresenter.swift in Sources */,
			);
			runOnlyForDeploymentPostprocessing = 0;
		};
		7333DD0224487A5F005B0566 /* Sources */ = {
			isa = PBXSourcesBuildPhase;
			buildActionMask = 2147483647;
			files = (
				6020446527C80E43003E98CB /* CharacterListPresenterTests.swift in Sources */,
				6077F3DC27D7F99700598CC8 /* CharacterRepositoryMock.swift in Sources */,
				6020445E27C6BBE3003E98CB /* MockAPI.swift in Sources */,
				60202DF827C6AB5700AD5140 /* CharacterListInteractorTests.swift in Sources */,
				6077F3D927D7EF4A00598CC8 /* CharacteresMock.swift in Sources */,
			);
			runOnlyForDeploymentPostprocessing = 0;
		};
/* End PBXSourcesBuildPhase section */

/* Begin PBXTargetDependency section */
		7333DD0824487A5F005B0566 /* PBXTargetDependency */ = {
			isa = PBXTargetDependency;
			target = 7333DCEF24487A5B005B0566 /* Marvel Character */;
			targetProxy = 7333DD0724487A5F005B0566 /* PBXContainerItemProxy */;
		};
/* End PBXTargetDependency section */

/* Begin PBXVariantGroup section */
		739CCC5A245DCB7000072E12 /* Localizable.strings */ = {
			isa = PBXVariantGroup;
			children = (
				739CCC59245DCB7000072E12 /* en */,
				739CCC5B245DCB7F00072E12 /* es */,
			);
			name = Localizable.strings;
			sourceTree = "<group>";
		};
/* End PBXVariantGroup section */

/* Begin XCBuildConfiguration section */
		7333DD0D24487A5F005B0566 /* Debug */ = {
			isa = XCBuildConfiguration;
			buildSettings = {
				ALWAYS_SEARCH_USER_PATHS = NO;
				CLANG_ANALYZER_LOCALIZABILITY_NONLOCALIZED = YES;
				CLANG_ANALYZER_NONNULL = YES;
				CLANG_ANALYZER_NUMBER_OBJECT_CONVERSION = YES_AGGRESSIVE;
				CLANG_CXX_LANGUAGE_STANDARD = "gnu++14";
				CLANG_CXX_LIBRARY = "libc++";
				CLANG_ENABLE_MODULES = YES;
				CLANG_ENABLE_OBJC_ARC = YES;
				CLANG_ENABLE_OBJC_WEAK = YES;
				CLANG_WARN_BLOCK_CAPTURE_AUTORELEASING = YES;
				CLANG_WARN_BOOL_CONVERSION = YES;
				CLANG_WARN_COMMA = YES;
				CLANG_WARN_CONSTANT_CONVERSION = YES;
				CLANG_WARN_DEPRECATED_OBJC_IMPLEMENTATIONS = YES;
				CLANG_WARN_DIRECT_OBJC_ISA_USAGE = YES_ERROR;
				CLANG_WARN_DOCUMENTATION_COMMENTS = YES;
				CLANG_WARN_EMPTY_BODY = YES;
				CLANG_WARN_ENUM_CONVERSION = YES;
				CLANG_WARN_INFINITE_RECURSION = YES;
				CLANG_WARN_INT_CONVERSION = YES;
				CLANG_WARN_NON_LITERAL_NULL_CONVERSION = YES;
				CLANG_WARN_OBJC_IMPLICIT_RETAIN_SELF = YES;
				CLANG_WARN_OBJC_LITERAL_CONVERSION = YES;
				CLANG_WARN_OBJC_ROOT_CLASS = YES_ERROR;
				CLANG_WARN_QUOTED_INCLUDE_IN_FRAMEWORK_HEADER = YES;
				CLANG_WARN_RANGE_LOOP_ANALYSIS = YES;
				CLANG_WARN_STRICT_PROTOTYPES = YES;
				CLANG_WARN_SUSPICIOUS_MOVE = YES;
				CLANG_WARN_UNGUARDED_AVAILABILITY = YES_AGGRESSIVE;
				CLANG_WARN_UNREACHABLE_CODE = YES;
				CLANG_WARN__DUPLICATE_METHOD_MATCH = YES;
				COPY_PHASE_STRIP = NO;
				DEBUG_INFORMATION_FORMAT = dwarf;
				ENABLE_STRICT_OBJC_MSGSEND = YES;
				ENABLE_TESTABILITY = YES;
				GCC_C_LANGUAGE_STANDARD = gnu11;
				GCC_DYNAMIC_NO_PIC = NO;
				GCC_NO_COMMON_BLOCKS = YES;
				GCC_OPTIMIZATION_LEVEL = 0;
				GCC_PREPROCESSOR_DEFINITIONS = (
					"DEBUG=1",
					"$(inherited)",
				);
				GCC_WARN_64_TO_32_BIT_CONVERSION = YES;
				GCC_WARN_ABOUT_RETURN_TYPE = YES_ERROR;
				GCC_WARN_UNDECLARED_SELECTOR = YES;
				GCC_WARN_UNINITIALIZED_AUTOS = YES_AGGRESSIVE;
				GCC_WARN_UNUSED_FUNCTION = YES;
				GCC_WARN_UNUSED_VARIABLE = YES;
				IPHONEOS_DEPLOYMENT_TARGET = 13.4;
				MTL_ENABLE_DEBUG_INFO = INCLUDE_SOURCE;
				MTL_FAST_MATH = YES;
				ONLY_ACTIVE_ARCH = YES;
				SDKROOT = iphoneos;
				SWIFT_ACTIVE_COMPILATION_CONDITIONS = DEBUG;
				SWIFT_OPTIMIZATION_LEVEL = "-Onone";
			};
			name = Debug;
		};
		7333DD0E24487A5F005B0566 /* Release */ = {
			isa = XCBuildConfiguration;
			buildSettings = {
				ALWAYS_SEARCH_USER_PATHS = NO;
				CLANG_ANALYZER_LOCALIZABILITY_NONLOCALIZED = YES;
				CLANG_ANALYZER_NONNULL = YES;
				CLANG_ANALYZER_NUMBER_OBJECT_CONVERSION = YES_AGGRESSIVE;
				CLANG_CXX_LANGUAGE_STANDARD = "gnu++14";
				CLANG_CXX_LIBRARY = "libc++";
				CLANG_ENABLE_MODULES = YES;
				CLANG_ENABLE_OBJC_ARC = YES;
				CLANG_ENABLE_OBJC_WEAK = YES;
				CLANG_WARN_BLOCK_CAPTURE_AUTORELEASING = YES;
				CLANG_WARN_BOOL_CONVERSION = YES;
				CLANG_WARN_COMMA = YES;
				CLANG_WARN_CONSTANT_CONVERSION = YES;
				CLANG_WARN_DEPRECATED_OBJC_IMPLEMENTATIONS = YES;
				CLANG_WARN_DIRECT_OBJC_ISA_USAGE = YES_ERROR;
				CLANG_WARN_DOCUMENTATION_COMMENTS = YES;
				CLANG_WARN_EMPTY_BODY = YES;
				CLANG_WARN_ENUM_CONVERSION = YES;
				CLANG_WARN_INFINITE_RECURSION = YES;
				CLANG_WARN_INT_CONVERSION = YES;
				CLANG_WARN_NON_LITERAL_NULL_CONVERSION = YES;
				CLANG_WARN_OBJC_IMPLICIT_RETAIN_SELF = YES;
				CLANG_WARN_OBJC_LITERAL_CONVERSION = YES;
				CLANG_WARN_OBJC_ROOT_CLASS = YES_ERROR;
				CLANG_WARN_QUOTED_INCLUDE_IN_FRAMEWORK_HEADER = YES;
				CLANG_WARN_RANGE_LOOP_ANALYSIS = YES;
				CLANG_WARN_STRICT_PROTOTYPES = YES;
				CLANG_WARN_SUSPICIOUS_MOVE = YES;
				CLANG_WARN_UNGUARDED_AVAILABILITY = YES_AGGRESSIVE;
				CLANG_WARN_UNREACHABLE_CODE = YES;
				CLANG_WARN__DUPLICATE_METHOD_MATCH = YES;
				COPY_PHASE_STRIP = NO;
				DEBUG_INFORMATION_FORMAT = "dwarf-with-dsym";
				ENABLE_NS_ASSERTIONS = NO;
				ENABLE_STRICT_OBJC_MSGSEND = YES;
				GCC_C_LANGUAGE_STANDARD = gnu11;
				GCC_NO_COMMON_BLOCKS = YES;
				GCC_WARN_64_TO_32_BIT_CONVERSION = YES;
				GCC_WARN_ABOUT_RETURN_TYPE = YES_ERROR;
				GCC_WARN_UNDECLARED_SELECTOR = YES;
				GCC_WARN_UNINITIALIZED_AUTOS = YES_AGGRESSIVE;
				GCC_WARN_UNUSED_FUNCTION = YES;
				GCC_WARN_UNUSED_VARIABLE = YES;
				IPHONEOS_DEPLOYMENT_TARGET = 13.4;
				MTL_ENABLE_DEBUG_INFO = NO;
				MTL_FAST_MATH = YES;
				SDKROOT = iphoneos;
				SWIFT_COMPILATION_MODE = wholemodule;
				SWIFT_OPTIMIZATION_LEVEL = "-O";
				VALIDATE_PRODUCT = YES;
			};
			name = Release;
		};
		7333DD1024487A5F005B0566 /* Debug */ = {
			isa = XCBuildConfiguration;
			baseConfigurationReference = 9DA1BEE2DD4C7AC30F60530C /* Pods-Marvel Character.debug.xcconfig */;
			buildSettings = {
				ASSETCATALOG_COMPILER_APPICON_NAME = AppIcon;
				CODE_SIGN_STYLE = Automatic;
				DEVELOPMENT_TEAM = C4C336BL89;
				INFOPLIST_FILE = "Marvel Character/Info.plist";
				LD_RUNPATH_SEARCH_PATHS = (
					"$(inherited)",
					"@executable_path/Frameworks",
				);
				PRODUCT_BUNDLE_IDENTIFIER = "com.gonzalo.Marvel-Character";
				PRODUCT_NAME = "$(TARGET_NAME)";
				SWIFT_VERSION = 5.0;
				TARGETED_DEVICE_FAMILY = "1,2";
			};
			name = Debug;
		};
		7333DD1124487A5F005B0566 /* Release */ = {
			isa = XCBuildConfiguration;
			baseConfigurationReference = 951880FB9557D6E1F26BE940 /* Pods-Marvel Character.release.xcconfig */;
			buildSettings = {
				ASSETCATALOG_COMPILER_APPICON_NAME = AppIcon;
				CODE_SIGN_STYLE = Automatic;
				DEVELOPMENT_TEAM = C4C336BL89;
				INFOPLIST_FILE = "Marvel Character/Info.plist";
				LD_RUNPATH_SEARCH_PATHS = (
					"$(inherited)",
					"@executable_path/Frameworks",
				);
				PRODUCT_BUNDLE_IDENTIFIER = "com.gonzalo.Marvel-Character";
				PRODUCT_NAME = "$(TARGET_NAME)";
				SWIFT_VERSION = 5.0;
				TARGETED_DEVICE_FAMILY = "1,2";
			};
			name = Release;
		};
		7333DD1324487A5F005B0566 /* Debug */ = {
			isa = XCBuildConfiguration;
			baseConfigurationReference = BB274CF6F51B0E48CB07E245 /* Pods-Marvel CharacterTests.debug.xcconfig */;
			buildSettings = {
				ALWAYS_EMBED_SWIFT_STANDARD_LIBRARIES = YES;
				BUNDLE_LOADER = "$(TEST_HOST)";
				CODE_SIGN_STYLE = Automatic;
				DEVELOPMENT_TEAM = C4C336BL89;
				INFOPLIST_FILE = "Marvel CharacterTests/Info.plist";
				IPHONEOS_DEPLOYMENT_TARGET = 13.4;
				LD_RUNPATH_SEARCH_PATHS = (
					"$(inherited)",
					"@executable_path/Frameworks",
					"@loader_path/Frameworks",
				);
				PRODUCT_BUNDLE_IDENTIFIER = "com.gonzalo.Marvel-CharacterTests";
				PRODUCT_NAME = "$(TARGET_NAME)";
				SWIFT_VERSION = 5.0;
				TARGETED_DEVICE_FAMILY = "1,2";
				TEST_HOST = "$(BUILT_PRODUCTS_DIR)/Marvel Character.app/Marvel Character";
			};
			name = Debug;
		};
		7333DD1424487A5F005B0566 /* Release */ = {
			isa = XCBuildConfiguration;
			baseConfigurationReference = 283FFBC3C973DEF32B75C60C /* Pods-Marvel CharacterTests.release.xcconfig */;
			buildSettings = {
				ALWAYS_EMBED_SWIFT_STANDARD_LIBRARIES = YES;
				BUNDLE_LOADER = "$(TEST_HOST)";
				CODE_SIGN_STYLE = Automatic;
				DEVELOPMENT_TEAM = C4C336BL89;
				INFOPLIST_FILE = "Marvel CharacterTests/Info.plist";
				IPHONEOS_DEPLOYMENT_TARGET = 13.4;
				LD_RUNPATH_SEARCH_PATHS = (
					"$(inherited)",
					"@executable_path/Frameworks",
					"@loader_path/Frameworks",
				);
				PRODUCT_BUNDLE_IDENTIFIER = "com.gonzalo.Marvel-CharacterTests";
				PRODUCT_NAME = "$(TARGET_NAME)";
				SWIFT_VERSION = 5.0;
				TARGETED_DEVICE_FAMILY = "1,2";
				TEST_HOST = "$(BUILT_PRODUCTS_DIR)/Marvel Character.app/Marvel Character";
			};
			name = Release;
		};
/* End XCBuildConfiguration section */

/* Begin XCConfigurationList section */
		7333DCEB24487A5B005B0566 /* Build configuration list for PBXProject "Marvel Character" */ = {
			isa = XCConfigurationList;
			buildConfigurations = (
				7333DD0D24487A5F005B0566 /* Debug */,
				7333DD0E24487A5F005B0566 /* Release */,
			);
			defaultConfigurationIsVisible = 0;
			defaultConfigurationName = Release;
		};
		7333DD0F24487A5F005B0566 /* Build configuration list for PBXNativeTarget "Marvel Character" */ = {
			isa = XCConfigurationList;
			buildConfigurations = (
				7333DD1024487A5F005B0566 /* Debug */,
				7333DD1124487A5F005B0566 /* Release */,
			);
			defaultConfigurationIsVisible = 0;
			defaultConfigurationName = Release;
		};
		7333DD1224487A5F005B0566 /* Build configuration list for PBXNativeTarget "Marvel CharacterTests" */ = {
			isa = XCConfigurationList;
			buildConfigurations = (
				7333DD1324487A5F005B0566 /* Debug */,
				7333DD1424487A5F005B0566 /* Release */,
			);
			defaultConfigurationIsVisible = 0;
			defaultConfigurationName = Release;
		};
/* End XCConfigurationList section */
	};
	rootObject = 7333DCE824487A5B005B0566 /* Project object */;
}
